
Microsoft Visual Studio Solution File, Format Version 12.00
# Visual Studio Version 17
VisualStudioVersion = 17.14.36327.8
MinimumVisualStudioVersion = 10.0.40219.1
Project("{2150E333-8FDC-42A3-9474-1A3956D46DE8}") = "Solution Items", "Solution Items", "{C79FAA27-ED2E-4867-9B37-236B59452D8E}"
	ProjectSection(SolutionItems) = preProject
		.editorconfig = .editorconfig
		.github\workflows\ChessChampion.yml = .github\workflows\ChessChampion.yml
		Infrastructure\main.bicep = Infrastructure\main.bicep
	EndProjectSection
EndProject
Project("{9A19103F-16F7-4668-BE54-9A1E7A4F7556}") = "ChessChampionWebUI", "ChessChampionWebUI\ChessChampionWebUI.csproj", "{3C44E5D8-7158-42A5-854C-3EA529AC2D36}"
EndProject
Project("{FAE04EC0-301F-11D3-BF4B-00C04F79EFBC}") = "ChessChampion.Server", "ChessChampion.Server\ChessChampion.Server.csproj", "{B4AFAEE4-73E9-45F7-9346-C398D889092D}"
EndProject
Project("{FAE04EC0-301F-11D3-BF4B-00C04F79EFBC}") = "ChessChampion.Client", "ChessChampion.Client\ChessChampion.Client.csproj", "{301697D8-490F-45BF-8BB0-6F46B49A29AF}"
EndProject
Project("{FAE04EC0-301F-11D3-BF4B-00C04F79EFBC}") = "ChessChampion.Core", "ChessChampion.Core\ChessChampion.Core.csproj", "{B33012FD-F502-4262-ABD9-7A8B3D9264C2}"
EndProject
Project("{FAE04EC0-301F-11D3-BF4B-00C04F79EFBC}") = "ChessChampion.Shared", "ChessChampion.Shared\ChessChampion.Shared.csproj", "{6847BB66-5165-40A5-884C-EFF7AEDFEF48}"
EndProject
Project("{FAE04EC0-301F-11D3-BF4B-00C04F79EFBC}") = "ChessChampion.Tests", "ChessChampion.Tests\ChessChampion.Tests.csproj", "{826F4014-E042-4B4B-932F-3A93E846F66D}"
EndProject
Global
	GlobalSection(SolutionConfigurationPlatforms) = preSolution
		Debug|Any CPU = Debug|Any CPU
		Release|Any CPU = Release|Any CPU
	EndGlobalSection
	GlobalSection(ProjectConfigurationPlatforms) = postSolution
		{3C44E5D8-7158-42A5-854C-3EA529AC2D36}.Debug|Any CPU.ActiveCfg = Debug|Any CPU
		{3C44E5D8-7158-42A5-854C-3EA529AC2D36}.Debug|Any CPU.Build.0 = Debug|Any CPU
		{3C44E5D8-7158-42A5-854C-3EA529AC2D36}.Release|Any CPU.ActiveCfg = Release|Any CPU
		{3C44E5D8-7158-42A5-854C-3EA529AC2D36}.Release|Any CPU.Build.0 = Release|Any CPU
		{B4AFAEE4-73E9-45F7-9346-C398D889092D}.Debug|Any CPU.ActiveCfg = Debug|Any CPU
		{B4AFAEE4-73E9-45F7-9346-C398D889092D}.Debug|Any CPU.Build.0 = Debug|Any CPU
		{B4AFAEE4-73E9-45F7-9346-C398D889092D}.Release|Any CPU.ActiveCfg = Release|Any CPU
		{B4AFAEE4-73E9-45F7-9346-C398D889092D}.Release|Any CPU.Build.0 = Release|Any CPU
		{301697D8-490F-45BF-8BB0-6F46B49A29AF}.Debug|Any CPU.ActiveCfg = Debug|Any CPU
		{301697D8-490F-45BF-8BB0-6F46B49A29AF}.Debug|Any CPU.Build.0 = Debug|Any CPU
		{301697D8-490F-45BF-8BB0-6F46B49A29AF}.Release|Any CPU.ActiveCfg = Release|Any CPU
		{301697D8-490F-45BF-8BB0-6F46B49A29AF}.Release|Any CPU.Build.0 = Release|Any CPU
		{B33012FD-F502-4262-ABD9-7A8B3D9264C2}.Debug|Any CPU.ActiveCfg = Debug|Any CPU
		{B33012FD-F502-4262-ABD9-7A8B3D9264C2}.Debug|Any CPU.Build.0 = Debug|Any CPU
		{B33012FD-F502-4262-ABD9-7A8B3D9264C2}.Release|Any CPU.ActiveCfg = Release|Any CPU
		{B33012FD-F502-4262-ABD9-7A8B3D9264C2}.Release|Any CPU.Build.0 = Release|Any CPU
		{6847BB66-5165-40A5-884C-EFF7AEDFEF48}.Debug|Any CPU.ActiveCfg = Debug|Any CPU
		{6847BB66-5165-40A5-884C-EFF7AEDFEF48}.Debug|Any CPU.Build.0 = Debug|Any CPU
		{6847BB66-5165-40A5-884C-EFF7AEDFEF48}.Release|Any CPU.ActiveCfg = Release|Any CPU
		{6847BB66-5165-40A5-884C-EFF7AEDFEF48}.Release|Any CPU.Build.0 = Release|Any CPU
		{826F4014-E042-4B4B-932F-3A93E846F66D}.Debug|Any CPU.ActiveCfg = Debug|Any CPU
		{826F4014-E042-4B4B-932F-3A93E846F66D}.Debug|Any CPU.Build.0 = Debug|Any CPU
		{826F4014-E042-4B4B-932F-3A93E846F66D}.Release|Any CPU.ActiveCfg = Release|Any CPU
		{826F4014-E042-4B4B-932F-3A93E846F66D}.Release|Any CPU.Build.0 = Release|Any CPU
	EndGlobalSection
	GlobalSection(SolutionProperties) = preSolution
		HideSolutionNode = FALSE
	EndGlobalSection
	GlobalSection(ExtensibilityGlobals) = postSolution
		SolutionGuid = {9D1C595B-B3A1-480F-B9DC-4C27316D2793}
	EndGlobalSection
EndGlobal
